
Microsoft Visual Studio Solution File, Format Version 12.00
# Visual Studio 15
VisualStudioVersion = 15.0.28307.1209
MinimumVisualStudioVersion = 10.0.40219.1
Project("{2150E333-8FDC-42A3-9474-1A3956D46DE8}") = "Solution Items", "Solution Items", "{9AC1D5EA-3F78-4CFD-A199-54C2B5096D2A}"
	ProjectSection(SolutionItems) = preProject
		HTMLPagetest1.html = HTMLPagetest1.html
	EndProjectSection
EndProject
Global
	GlobalSection(SolutionProperties) = preSolution
		HideSolutionNode = FALSE
	EndGlobalSection
	GlobalSection(ExtensibilityGlobals) = postSolution
		SolutionGuid = {BBDB359C-A940-471E-B9B9-0370D12EF7E5}
	EndGlobalSection
EndGlobal
